{
  "version": "4",
  "specifiers": {
    "jsr:@std/path@*": "1.0.6",
    "npm:decimal.js@*": "10.4.3"
  },
  "jsr": {
    "@std/path@1.0.6": {
      "integrity": "ab2c55f902b380cf28e0eec501b4906e4c1960d13f00e11cfbcd21de15f18fed"
    }
  },
  "npm": {
    "decimal.js@10.4.3": {
      "integrity": "sha512-VBBaLc1MgL5XpzgIP7ny5Z6Nx3UrRkIViUkPUdtl9aya5amy3De1gsUUSB1g3+3sExYNjCAsAznmukyxCb1GRA=="
    }
  },
  "workspace": {
    "dependencies": [
      "npm:decimal.js@*"
    ]
  }
}
